{
  "lockfileVersion": 1,
  "workspaces": {
    "": {
      "name": "carnivoorexperiment.nl",
      "dependencies": {
        "nuekit": "^1.0.0-RC.4",
      },
    },
  },
  "packages": {
    "argparse": ["argparse@2.0.1", "", {}, "sha512-8+9WqebbFzpX9OR+Wa6O29asIogeRMzcGtAINdpMHHyAg10f05aSFVBbcEqGf/PXw1EjAZ+q2/bEBg3DvurK3Q=="],

    "diff-dom": ["diff-dom@5.2.0", "", {}, "sha512-+FEFvDJljxPBz9ddkxCpn7I/5SFFYYfvqcS63zE+Aw+3TgTyHAI1RGXEBGLfrkbVQTYCSpvc0nxNNMyNBA60tQ=="],

    "dom-serializer": ["dom-serializer@2.0.0", "", { "dependencies": { "domelementtype": "^2.3.0", "domhandler": "^5.0.2", "entities": "^4.2.0" } }, "sha512-wIkAryiqt/nV5EQKqQpo3SToSOV9J0DnbJqwK7Wv/Trc92zIAYZ4FlMu+JPFW1DfGFt81ZTCGgDEabffXeLyJg=="],

    "domelementtype": ["domelementtype@2.3.0", "", {}, "sha512-OLETBj6w0OsagBwdXnPdN0cnMfF9opN69co+7ZrbfPGrdpPVNBUj02spi6B1N7wChLQiPn4CSH/zJvXw56gmHw=="],

    "domhandler": ["domhandler@5.0.3", "", { "dependencies": { "domelementtype": "^2.3.0" } }, "sha512-cgwlv/1iFQiFnU96XXgROh8xTeetsnJiDsTc7TYCLFd9+/WNkIqPTxiM/8pSd8VIrhXGTf1Ny1q1hquVqDJB5w=="],

    "domutils": ["domutils@3.2.2", "", { "dependencies": { "dom-serializer": "^2.0.0", "domelementtype": "^2.3.0", "domhandler": "^5.0.3" } }, "sha512-6kZKyUajlDuqlHKVX1w7gyslj9MPIXzIFiz/rGu35uC1wMi+kMhQwGhl4lt9unC9Vb9INnY9Z3/ZA3+FhASLaw=="],

    "entities": ["entities@6.0.1", "", {}, "sha512-aN97NXWF6AWBTahfVOIrB/NShkzi5H7F9r1s9mD3cDj4Ko5f2qhhVoYMibXF7GlLveb/D2ioWay8lxI97Ven3g=="],

    "htmlparser2": ["htmlparser2@10.0.0", "", { "dependencies": { "domelementtype": "^2.3.0", "domhandler": "^5.0.3", "domutils": "^3.2.1", "entities": "^6.0.0" } }, "sha512-TwAZM+zE5Tq3lrEHvOlvwgj1XLWQCtaaibSN11Q+gGBAS7Y1uZSWwXXRe4iF6OXnaq1riyQAPFOBtYc77Mxq0g=="],

    "js-yaml": ["js-yaml@4.1.0", "", { "dependencies": { "argparse": "^2.0.1" }, "bin": { "js-yaml": "bin/js-yaml.js" } }, "sha512-wpxZs9NoxZaJESJGIZTyDEaYpl0FKSA+FB9aJiyemKhMwkxQg63h4T1KJgUGHpTqPDNRcmmYLugrRjJlBtWvRA=="],

    "nue-glow": ["nue-glow@0.2.2", "", {}, "sha512-ua/EDUmkWswmSIAAET9MNqwG3lk92eh7H//2XZ3LGJwCojiBukEpGrRyu9Mn5EzU4fHkCvL1ObChTO8OFWMFEg=="],

    "nuejs-core": ["nuejs-core@0.5.3", "", { "dependencies": { "htmlparser2": "^10.0.0" } }, "sha512-tXEwdTSbR/c8NeRFrYawtJOKDkDUeiSX2XWW8N3qvrm6T2DS9EtV45SQya0nmou32wgoz1us/uNHBhuawV98jw=="],

    "nuekit": ["nuekit@1.0.0-RC.4", "", { "dependencies": { "diff-dom": "^5.1.4", "js-yaml": "^4.1.0", "nue-glow": "latest", "nuejs-core": "latest", "nuemark": "latest" }, "peerDependencies": { "esbuild": "^0.25", "lightningcss": "^1.29" }, "optionalPeers": ["esbuild", "lightningcss"], "bin": { "nue": "src/cli.js", "nue-node": "src/cli-node.js" } }, "sha512-Vx942mPxHM7nh8QBHwUcURsRJB5jTjrPwjR658zB8pZ7iYMvqlOFYKBkbR1lJfgSA0nRmSIbU8DvV9cfjChOAg=="],

    "nuemark": ["nuemark@0.6.3", "", { "dependencies": { "js-yaml": "^4.1.0", "nue-glow": "latest" } }, "sha512-0GowfIPVKTEgOUgFBiexu14C0WTM0x6eXJzPELAMKevmtUyJiADYJ2DeBj9pv59CPBYzoh/xOAIRS/8qIzoosQ=="],

    "dom-serializer/entities": ["entities@4.5.0", "", {}, "sha512-V0hjH4dGPh9Ao5p0MoRY6BVqtwCjhz6vI5LT8AJ55H+4g9/4vbHx1I54fS0XuclLhDHArPQCiMjDxjaL8fPxhw=="],
  }
}
